
Microsoft Visual Studio Solution File, Format Version 12.00
# Visual Studio Version 16
VisualStudioVersion = 16.0.31613.86
MinimumVisualStudioVersion = 10.0.40219.1
Project("{FAE04EC0-301F-11D3-BF4B-00C04F79EFBC}") = "Entities", "..\Entities\Entities.csproj", "{5406A492-9941-44F5-AC4D-421D956927F7}"
EndProject
Project("{FAE04EC0-301F-11D3-BF4B-00C04F79EFBC}") = "Common", "..\Common\Common.csproj", "{6B03E3ED-4C06-492C-ABE8-235D740683BA}"
EndProject
Project("{FAE04EC0-301F-11D3-BF4B-00C04F79EFBC}") = "TestUnit", "..\TestUnit\TestUnit.csproj", "{8DA2B1C3-F108-4E61-814D-1AA8B56E4787}"
EndProject
Project("{FAE04EC0-301F-11D3-BF4B-00C04F79EFBC}") = "Services", "..\Services\Services.csproj", "{6C064E84-D68F-476C-AE43-5E995E29E608}"
EndProject
Project("{FAE04EC0-301F-11D3-BF4B-00C04F79EFBC}") = "Data", "..\Data\Data.csproj", "{D5AE7FDF-46E7-4388-B4C5-424AD8AAC4B9}"
EndProject
Global
	GlobalSection(SolutionConfigurationPlatforms) = preSolution
		Debug|Any CPU = Debug|Any CPU
		Release|Any CPU = Release|Any CPU
	EndGlobalSection
	GlobalSection(ProjectConfigurationPlatforms) = postSolution
		{5406A492-9941-44F5-AC4D-421D956927F7}.Debug|Any CPU.ActiveCfg = Debug|Any CPU
		{5406A492-9941-44F5-AC4D-421D956927F7}.Debug|Any CPU.Build.0 = Debug|Any CPU
		{5406A492-9941-44F5-AC4D-421D956927F7}.Release|Any CPU.ActiveCfg = Release|Any CPU
		{5406A492-9941-44F5-AC4D-421D956927F7}.Release|Any CPU.Build.0 = Release|Any CPU
		{6B03E3ED-4C06-492C-ABE8-235D740683BA}.Debug|Any CPU.ActiveCfg = Debug|Any CPU
		{6B03E3ED-4C06-492C-ABE8-235D740683BA}.Debug|Any CPU.Build.0 = Debug|Any CPU
		{6B03E3ED-4C06-492C-ABE8-235D740683BA}.Release|Any CPU.ActiveCfg = Release|Any CPU
		{6B03E3ED-4C06-492C-ABE8-235D740683BA}.Release|Any CPU.Build.0 = Release|Any CPU
		{8DA2B1C3-F108-4E61-814D-1AA8B56E4787}.Debug|Any CPU.ActiveCfg = Debug|Any CPU
		{8DA2B1C3-F108-4E61-814D-1AA8B56E4787}.Debug|Any CPU.Build.0 = Debug|Any CPU
		{8DA2B1C3-F108-4E61-814D-1AA8B56E4787}.Release|Any CPU.ActiveCfg = Release|Any CPU
		{8DA2B1C3-F108-4E61-814D-1AA8B56E4787}.Release|Any CPU.Build.0 = Release|Any CPU
		{6C064E84-D68F-476C-AE43-5E995E29E608}.Debug|Any CPU.ActiveCfg = Debug|Any CPU
		{6C064E84-D68F-476C-AE43-5E995E29E608}.Debug|Any CPU.Build.0 = Debug|Any CPU
		{6C064E84-D68F-476C-AE43-5E995E29E608}.Release|Any CPU.ActiveCfg = Release|Any CPU
		{6C064E84-D68F-476C-AE43-5E995E29E608}.Release|Any CPU.Build.0 = Release|Any CPU
		{D5AE7FDF-46E7-4388-B4C5-424AD8AAC4B9}.Debug|Any CPU.ActiveCfg = Debug|Any CPU
		{D5AE7FDF-46E7-4388-B4C5-424AD8AAC4B9}.Debug|Any CPU.Build.0 = Debug|Any CPU
		{D5AE7FDF-46E7-4388-B4C5-424AD8AAC4B9}.Release|Any CPU.ActiveCfg = Release|Any CPU
		{D5AE7FDF-46E7-4388-B4C5-424AD8AAC4B9}.Release|Any CPU.Build.0 = Release|Any CPU
	EndGlobalSection
	GlobalSection(SolutionProperties) = preSolution
		HideSolutionNode = FALSE
	EndGlobalSection
	GlobalSection(ExtensibilityGlobals) = postSolution
		SolutionGuid = {1C3E0CAB-5E2A-4E33-9C09-CC99413C9FC7}
	EndGlobalSection
EndGlobal
